github.com/MBATheGamer/lang_core v0.0.0-20240107133956-0299cbb2bf0e h1:kCeg34hzgd9I7MEW4iU4UDtc75DUYE4/ju/BvngBBGQ=
github.com/MBATheGamer/lang_core v0.0.0-20240107133956-0299cbb2bf0e/go.mod h1:i/+h2lHw9YTPoKdbdQTSvXBkA9LUQhErjXHqXmiU2iw=
github.com/MBATheGamer/lang_core v0.0.0-20240114225736-9c9eab8c0123 h1:qLoXfxD3+5661txOVhzOV2FC+ZD+lLE8epaP+IJ1LfI=
github.com/MBATheGamer/lang_core v0.0.0-20240114225736-9c9eab8c0123/go.mod h1:i/+h2lHw9YTPoKdbdQTSvXBkA9LUQhErjXHqXmiU2iw=
